
Microsoft Visual Studio Solution File, Format Version 12.00
# Visual Studio Version 16
VisualStudioVersion = 16.0.30615.102
MinimumVisualStudioVersion = 10.0.40219.1
Project("{9A19103F-16F7-4668-BE54-9A1E7A4F7556}") = "AutoScrum", "AutoScrum\AutoScrum.csproj", "{AD0BB5A7-73D0-4A4D-AE8A-2364459BA7BD}"
EndProject
Project("{2150E333-8FDC-42A3-9474-1A3956D46DE8}") = "Project Files", "Project Files", "{AB0E998C-B411-4C98-A178-C332B15C83A6}"
	ProjectSection(SolutionItems) = preProject
		..\.gitignore = ..\.gitignore
		..\README.md = ..\README.md
	EndProjectSection
EndProject
Project("{FAE04EC0-301F-11D3-BF4B-00C04F79EFBC}") = "AutoScrum.AzureDevOps", "AutoScrum.AzureDevOps\AutoScrum.AzureDevOps.csproj", "{DB549677-BFBD-4C81-A1A2-7E9473FC03A3}"
EndProject
Global
	GlobalSection(SolutionConfigurationPlatforms) = preSolution
		Debug|Any CPU = Debug|Any CPU
		Release|Any CPU = Release|Any CPU
	EndGlobalSection
	GlobalSection(ProjectConfigurationPlatforms) = postSolution
		{AD0BB5A7-73D0-4A4D-AE8A-2364459BA7BD}.Debug|Any CPU.ActiveCfg = Debug|Any CPU
		{AD0BB5A7-73D0-4A4D-AE8A-2364459BA7BD}.Debug|Any CPU.Build.0 = Debug|Any CPU
		{AD0BB5A7-73D0-4A4D-AE8A-2364459BA7BD}.Release|Any CPU.ActiveCfg = Release|Any CPU
		{AD0BB5A7-73D0-4A4D-AE8A-2364459BA7BD}.Release|Any CPU.Build.0 = Release|Any CPU
		{DB549677-BFBD-4C81-A1A2-7E9473FC03A3}.Debug|Any CPU.ActiveCfg = Debug|Any CPU
		{DB549677-BFBD-4C81-A1A2-7E9473FC03A3}.Debug|Any CPU.Build.0 = Debug|Any CPU
		{DB549677-BFBD-4C81-A1A2-7E9473FC03A3}.Release|Any CPU.ActiveCfg = Release|Any CPU
		{DB549677-BFBD-4C81-A1A2-7E9473FC03A3}.Release|Any CPU.Build.0 = Release|Any CPU
	EndGlobalSection
	GlobalSection(SolutionProperties) = preSolution
		HideSolutionNode = FALSE
	EndGlobalSection
	GlobalSection(ExtensibilityGlobals) = postSolution
		SolutionGuid = {39CF8AA0-F899-4997-AB45-48BDC4866584}
	EndGlobalSection
EndGlobal
