
Microsoft Visual Studio Solution File, Format Version 12.00
# Visual Studio Version 17
VisualStudioVersion = 17.0.31521.260
MinimumVisualStudioVersion = 10.0.40219.1
Project("{9A19103F-16F7-4668-BE54-9A1E7A4F7556}") = "AutoScrum", "AutoScrum\AutoScrum.csproj", "{AD0BB5A7-73D0-4A4D-AE8A-2364459BA7BD}"
EndProject
Project("{2150E333-8FDC-42A3-9474-1A3956D46DE8}") = "Project Files", "Project Files", "{AB0E998C-B411-4C98-A178-C332B15C83A6}"
	ProjectSection(SolutionItems) = preProject
		..\.gitignore = ..\.gitignore
		..\.github\workflows\azure-static-web-apps-gentle-meadow-0d236b010.yml = ..\.github\workflows\azure-static-web-apps-gentle-meadow-0d236b010.yml
		..\create-az-resources.ps1 = ..\create-az-resources.ps1
		global.json = global.json
		..\README.md = ..\README.md
	EndProjectSection
EndProject
Project("{9A19103F-16F7-4668-BE54-9A1E7A4F7556}") = "AutoScrum.AzureDevOps", "AutoScrum.AzureDevOps\AutoScrum.AzureDevOps.csproj", "{DB549677-BFBD-4C81-A1A2-7E9473FC03A3}"
EndProject
Project("{2150E333-8FDC-42A3-9474-1A3956D46DE8}") = "Tests", "Tests", "{D1687D74-EA2B-48F7-B3BE-DFED9A040D46}"
EndProject
Project("{9A19103F-16F7-4668-BE54-9A1E7A4F7556}") = "AutoScrum.Tests", "AutoScrum.Tests\AutoScrum.Tests.csproj", "{06C04660-3255-4291-8870-D7F1FFE03B48}"
EndProject
Project("{9A19103F-16F7-4668-BE54-9A1E7A4F7556}") = "AutoScrum.Core", "AutoScrum.Core\AutoScrum.Core.csproj", "{D0210D04-41C1-49A4-B3F6-830E8E5B3CF0}"
EndProject
Global
	GlobalSection(SolutionConfigurationPlatforms) = preSolution
		Debug|Any CPU = Debug|Any CPU
		Release|Any CPU = Release|Any CPU
	EndGlobalSection
	GlobalSection(ProjectConfigurationPlatforms) = postSolution
		{AD0BB5A7-73D0-4A4D-AE8A-2364459BA7BD}.Debug|Any CPU.ActiveCfg = Debug|Any CPU
		{AD0BB5A7-73D0-4A4D-AE8A-2364459BA7BD}.Debug|Any CPU.Build.0 = Debug|Any CPU
		{AD0BB5A7-73D0-4A4D-AE8A-2364459BA7BD}.Release|Any CPU.ActiveCfg = Release|Any CPU
		{AD0BB5A7-73D0-4A4D-AE8A-2364459BA7BD}.Release|Any CPU.Build.0 = Release|Any CPU
		{DB549677-BFBD-4C81-A1A2-7E9473FC03A3}.Debug|Any CPU.ActiveCfg = Debug|Any CPU
		{DB549677-BFBD-4C81-A1A2-7E9473FC03A3}.Debug|Any CPU.Build.0 = Debug|Any CPU
		{DB549677-BFBD-4C81-A1A2-7E9473FC03A3}.Release|Any CPU.ActiveCfg = Release|Any CPU
		{DB549677-BFBD-4C81-A1A2-7E9473FC03A3}.Release|Any CPU.Build.0 = Release|Any CPU
		{06C04660-3255-4291-8870-D7F1FFE03B48}.Debug|Any CPU.ActiveCfg = Debug|Any CPU
		{06C04660-3255-4291-8870-D7F1FFE03B48}.Debug|Any CPU.Build.0 = Debug|Any CPU
		{06C04660-3255-4291-8870-D7F1FFE03B48}.Release|Any CPU.ActiveCfg = Release|Any CPU
		{06C04660-3255-4291-8870-D7F1FFE03B48}.Release|Any CPU.Build.0 = Release|Any CPU
		{D0210D04-41C1-49A4-B3F6-830E8E5B3CF0}.Debug|Any CPU.ActiveCfg = Debug|Any CPU
		{D0210D04-41C1-49A4-B3F6-830E8E5B3CF0}.Debug|Any CPU.Build.0 = Debug|Any CPU
		{D0210D04-41C1-49A4-B3F6-830E8E5B3CF0}.Release|Any CPU.ActiveCfg = Release|Any CPU
		{D0210D04-41C1-49A4-B3F6-830E8E5B3CF0}.Release|Any CPU.Build.0 = Release|Any CPU
	EndGlobalSection
	GlobalSection(SolutionProperties) = preSolution
		HideSolutionNode = FALSE
	EndGlobalSection
	GlobalSection(NestedProjects) = preSolution
		{06C04660-3255-4291-8870-D7F1FFE03B48} = {D1687D74-EA2B-48F7-B3BE-DFED9A040D46}
	EndGlobalSection
	GlobalSection(ExtensibilityGlobals) = postSolution
		SolutionGuid = {39CF8AA0-F899-4997-AB45-48BDC4866584}
	EndGlobalSection
EndGlobal
